{
  "lockfileVersion": 1,
  "configVersion": 1,
  "workspaces": {
    "": {
      "name": "tentaclepay",
      "dependencies": {
        "typescript": "catalog:",
      },
      "devDependencies": {
        "@biomejs/biome": "catalog:",
        "@tsconfig/bun": "catalog:",
        "@tsconfig/node22": "catalog:",
        "husky": "9.1.7",
        "turbo": "2.9.14",
      },
    },
  },
  "overrides": {
    "@types/bun": "catalog:",
    "@types/node": "catalog:",
  },
  "catalog": {
    "@biomejs/biome": "2.4.15",
    "@total-typescript/ts-reset": "0.6.1",
    "@tsconfig/bun": "1.0.10",
    "@tsconfig/node22": "22.0.5",
    "@types/bun": "1.3.12",
    "@types/node": "22.19.15",
    "typescript": "5.9.3",
    "uuid": "13.0.0",
    "vitest": "4.1.7",
    "zod": "4.4.3",
  },
  "packages": {
    "@biomejs/biome": ["@biomejs/biome@2.4.15", "", { "optionalDependencies": { "@biomejs/cli-darwin-arm64": "2.4.15", "@biomejs/cli-darwin-x64": "2.4.15", "@biomejs/cli-linux-arm64": "2.4.15", "@biomejs/cli-linux-arm64-musl": "2.4.15", "@biomejs/cli-linux-x64": "2.4.15", "@biomejs/cli-linux-x64-musl": "2.4.15", "@biomejs/cli-win32-arm64": "2.4.15", "@biomejs/cli-win32-x64": "2.4.15" }, "bin": { "biome": "bin/biome" } }, "sha512-j5VH3a/h/HXTKBM50MDMxRCzkeLv9S2XJcW2WgnZT1+xyisi+0bISrXR82gCX+8S9lvK0skEvHJRN+3Ktr2hlw=="],

    "@biomejs/cli-darwin-arm64": ["@biomejs/cli-darwin-arm64@2.4.15", "", { "os": "darwin", "cpu": "arm64" }, "sha512-rF3PPqLq1yoST79zaQbDjVJwsuIeci/O+9bgNmC5QpgOqz6aqYuzA4abyAGx+mgyiDXn4A049xAN8gijbuR1Qg=="],

    "@biomejs/cli-darwin-x64": ["@biomejs/cli-darwin-x64@2.4.15", "", { "os": "darwin", "cpu": "x64" }, "sha512-/5KHXYMfSJs1fNXiX30xFtI8JcCFV6zaVVLxOa0M2sfqBKHkpQhRTv94yxQWxeTY2lzo2OuTlNvPC+hDQt2wcQ=="],

    "@biomejs/cli-linux-arm64": ["@biomejs/cli-linux-arm64@2.4.15", "", { "os": "linux", "cpu": "arm64" }, "sha512-owaAMZD/T4LrD0ELNCk0Km3qrRHuM0X6EAyVE1FSqGY0rbLoiDLrO4Us2tllm6cAeB2Ioa9C2C08NZPdr8+0Ug=="],

    "@biomejs/cli-linux-arm64-musl": ["@biomejs/cli-linux-arm64-musl@2.4.15", "", { "os": "linux", "cpu": "arm64" }, "sha512-ZPcxznxm0pogHBLZhYntyR3sR+MrZjqJIKEr7ZqVen0Rl+P/4upVmfYXjftizi9RoqZntg33fv/1fbdhbYXpEQ=="],

    "@biomejs/cli-linux-x64": ["@biomejs/cli-linux-x64@2.4.15", "", { "os": "linux", "cpu": "x64" }, "sha512-0jj7THz12GbUOLmMibktK6DZjqz2zV64KFxyBtcFTKPiiOIY0a7vns1elpO1dERvxpsZ5ik0oFfz0oGwFde1+g=="],

    "@biomejs/cli-linux-x64-musl": ["@biomejs/cli-linux-x64-musl@2.4.15", "", { "os": "linux", "cpu": "x64" }, "sha512-CNq/9W38SYSH023lfcQ4KKU8K0YX8T//FZUhcgtMMRABDojx5XsMV7jlweAvGSl389wJQB29Qo6Zb/a+jdvt+w=="],

    "@biomejs/cli-win32-arm64": ["@biomejs/cli-win32-arm64@2.4.15", "", { "os": "win32", "cpu": "arm64" }, "sha512-ouhkYdlhp/1GghEJPdWwD/Vi3gQ1nFxuSpMolWsbq3Lsq3QUR4jl6UdhhscdCugKU5vOEuMiJhvKj66O0OCq+w=="],

    "@biomejs/cli-win32-x64": ["@biomejs/cli-win32-x64@2.4.15", "", { "os": "win32", "cpu": "x64" }, "sha512-zBrGq5mx5wwpnow4+2BxUvleDM+GNd4sLbPaMapsSLQLD0NGRCquqPBTgN+7XkUteHvj7M+BstuI8tmnV7+HgQ=="],

    "@tsconfig/bun": ["@tsconfig/bun@1.0.10", "", {}, "sha512-5AV5YknQjNyoYzZ/8NG0dawqew/wH+x7ANiCfCIn29qo0cdbd1EryvFD1k5NSZWLBMOI/fGqMIaxi58GPIP9Cg=="],

    "@tsconfig/node22": ["@tsconfig/node22@22.0.5", "", {}, "sha512-hLf2ld+sYN/BtOJjHUWOk568dvjFQkHnLNa6zce25GIH+vxKfvTgm3qpaH6ToF5tu/NN0IH66s+Bb5wElHrLcw=="],

    "@turbo/darwin-64": ["@turbo/darwin-64@2.9.14", "", { "os": "darwin", "cpu": "x64" }, "sha512-t7QiPflaEyBE4oayeZtSmu4mEfjgIrcNlNNl1z1dmIVPqEdtA7+CfTf8d7KXsOGPh6aNgWjKxyvQg9uGfDQF+A=="],

    "@turbo/darwin-arm64": ["@turbo/darwin-arm64@2.9.14", "", { "os": "darwin", "cpu": "arm64" }, "sha512-d23147mC9BsCPA9mJ0h/ubcpbRgcJBXbcG3+Vq7YLhjz3IXuvQsJ1UXH8f4MD76ZjJ4m/E4aRdJV+MW88CDfbw=="],

    "@turbo/linux-64": ["@turbo/linux-64@2.9.14", "", { "os": "linux", "cpu": "x64" }, "sha512-P3ZKB5tuUDdDQWuAsACGUR1qv9W7BNWxdxqVJ0kZNuNNPRaVYTPPikLcp79+GiEcW3npsR+KyP38lnQiBc5aSA=="],

    "@turbo/linux-arm64": ["@turbo/linux-arm64@2.9.14", "", { "os": "linux", "cpu": "arm64" }, "sha512-ZRTlzcUMrrPv9ZuDzRF9n60Ym13bKeG9jDB8WjxyLhWNzV+AJQN+zdpIk3NJYf2zQsGUm1mNar2P0elRzLw25g=="],

    "@turbo/windows-64": ["@turbo/windows-64@2.9.14", "", { "os": "win32", "cpu": "x64" }, "sha512-exanwN6sIduZwykYeiTQj8kCmOhazP5WOz3bvXMcYtjhL6Z3iRWLewKrXCBq0bqwSP3iBMb/AerRCnHI4lx46A=="],

    "@turbo/windows-arm64": ["@turbo/windows-arm64@2.9.14", "", { "os": "win32", "cpu": "arm64" }, "sha512-fVdCsnmYoKICsycbWuuGp6Jvi51/3G/UluFWuAUCvR8PIW5IJkAk5BM9UF8PSm0Q2IphWHFZjYEgjHsh3B9y/g=="],

    "husky": ["husky@9.1.7", "", { "bin": { "husky": "bin.js" } }, "sha512-5gs5ytaNjBrh5Ow3zrvdUUY+0VxIuWVL4i9irt6friV+BqdCfmV11CQTWMiBYWHbXhco+J1kHfTOUkePhCDvMA=="],

    "turbo": ["turbo@2.9.14", "", { "optionalDependencies": { "@turbo/darwin-64": "2.9.14", "@turbo/darwin-arm64": "2.9.14", "@turbo/linux-64": "2.9.14", "@turbo/linux-arm64": "2.9.14", "@turbo/windows-64": "2.9.14", "@turbo/windows-arm64": "2.9.14" }, "bin": { "turbo": "bin/turbo" } }, "sha512-BQqXRr4UoWI3UPFrtznCLykYHxwxWh53iCB57x092jPMjIlW1wnm3N895g5irpiXmnxUhREBB0n6+y8BHhs4nw=="],

    "typescript": ["typescript@5.9.3", "", { "bin": { "tsc": "bin/tsc", "tsserver": "bin/tsserver" } }, "sha512-jl1vZzPDinLr9eUt3J/t7V6FgNEw9QjvBPdysz9KfQDD41fQrC2Y4vKQdiaUpFT4bXlb1RHhLpp8wtm6M5TgSw=="],
  }
}
